
Microsoft Visual Studio Solution File, Format Version 12.00
# Visual Studio Version 17
VisualStudioVersion = 17.8.34330.188
MinimumVisualStudioVersion = 10.0.40219.1
Project("{9A19103F-16F7-4668-BE54-9A1E7A4F7556}") = "csv2kml", "csv2kml\csv2kml.csproj", "{BED0C203-FFCD-480D-8F40-1F06BD02128D}"
EndProject
Global
	GlobalSection(SolutionConfigurationPlatforms) = preSolution
		Debug|Any CPU = Debug|Any CPU
		Release|Any CPU = Release|Any CPU
	EndGlobalSection
	GlobalSection(ProjectConfigurationPlatforms) = postSolution
		{BED0C203-FFCD-480D-8F40-1F06BD02128D}.Debug|Any CPU.ActiveCfg = Debug|Any CPU
		{BED0C203-FFCD-480D-8F40-1F06BD02128D}.Debug|Any CPU.Build.0 = Debug|Any CPU
		{BED0C203-FFCD-480D-8F40-1F06BD02128D}.Release|Any CPU.ActiveCfg = Release|Any CPU
		{BED0C203-FFCD-480D-8F40-1F06BD02128D}.Release|Any CPU.Build.0 = Release|Any CPU
	EndGlobalSection
	GlobalSection(SolutionProperties) = preSolution
		HideSolutionNode = FALSE
	EndGlobalSection
	GlobalSection(ExtensibilityGlobals) = postSolution
		SolutionGuid = {E795886B-E8A1-4BD7-BC37-696EC0EED9C3}
	EndGlobalSection
EndGlobal
